
Microsoft Visual Studio Solution File, Format Version 12.00
Project("{FAE04EC0-301F-11D3-BF4B-00C04F79EFBC}") = "OpenaAI-Function-Calling-DotNet", "OpenaAI-Function-Calling-DotNet.csproj", "{A3230C39-C180-43EF-AE35-0E707C3952DA}"
EndProject
Global
	GlobalSection(SolutionConfigurationPlatforms) = preSolution
		Debug|Any CPU = Debug|Any CPU
		Release|Any CPU = Release|Any CPU
	EndGlobalSection
	GlobalSection(ProjectConfigurationPlatforms) = postSolution
		{A3230C39-C180-43EF-AE35-0E707C3952DA}.Debug|Any CPU.ActiveCfg = Debug|Any CPU
		{A3230C39-C180-43EF-AE35-0E707C3952DA}.Debug|Any CPU.Build.0 = Debug|Any CPU
		{A3230C39-C180-43EF-AE35-0E707C3952DA}.Release|Any CPU.ActiveCfg = Release|Any CPU
		{A3230C39-C180-43EF-AE35-0E707C3952DA}.Release|Any CPU.Build.0 = Release|Any CPU
	EndGlobalSection
EndGlobal
